
Microsoft Visual Studio Solution File, Format Version 12.00
# Visual Studio Version 16
VisualStudioVersion = 16.0.31605.320
MinimumVisualStudioVersion = 10.0.40219.1
Project("{FAE04EC0-301F-11D3-BF4B-00C04F79EFBC}") = "Builder", "Builder\Builder.csproj", "{F27EE760-73C5-4DD3-A93D-9BED57DACAA5}"
EndProject
Global
	GlobalSection(SolutionConfigurationPlatforms) = preSolution
		Debug|Any CPU = Debug|Any CPU
		Release|Any CPU = Release|Any CPU
	EndGlobalSection
	GlobalSection(ProjectConfigurationPlatforms) = postSolution
		{F27EE760-73C5-4DD3-A93D-9BED57DACAA5}.Debug|Any CPU.ActiveCfg = Debug|Any CPU
		{F27EE760-73C5-4DD3-A93D-9BED57DACAA5}.Debug|Any CPU.Build.0 = Debug|Any CPU
		{F27EE760-73C5-4DD3-A93D-9BED57DACAA5}.Release|Any CPU.ActiveCfg = Release|Any CPU
		{F27EE760-73C5-4DD3-A93D-9BED57DACAA5}.Release|Any CPU.Build.0 = Release|Any CPU
	EndGlobalSection
	GlobalSection(SolutionProperties) = preSolution
		HideSolutionNode = FALSE
	EndGlobalSection
	GlobalSection(ExtensibilityGlobals) = postSolution
		SolutionGuid = {7C605ECC-CA15-4EBC-A05B-CAB193E1E112}
	EndGlobalSection
EndGlobal
