
Microsoft Visual Studio Solution File, Format Version 12.00
# Visual Studio Version 16
VisualStudioVersion = 16.0.31605.320
MinimumVisualStudioVersion = 10.0.40219.1
Project("{FAE04EC0-301F-11D3-BF4B-00C04F79EFBC}") = "LiskovSubstitutionPrinciple", "LiskovSubstitutionPrinciple\LiskovSubstitutionPrinciple.csproj", "{A3570184-2D58-4547-A165-E29EF0FE2B69}"
EndProject
Global
	GlobalSection(SolutionConfigurationPlatforms) = preSolution
		Debug|Any CPU = Debug|Any CPU
		Release|Any CPU = Release|Any CPU
	EndGlobalSection
	GlobalSection(ProjectConfigurationPlatforms) = postSolution
		{A3570184-2D58-4547-A165-E29EF0FE2B69}.Debug|Any CPU.ActiveCfg = Debug|Any CPU
		{A3570184-2D58-4547-A165-E29EF0FE2B69}.Debug|Any CPU.Build.0 = Debug|Any CPU
		{A3570184-2D58-4547-A165-E29EF0FE2B69}.Release|Any CPU.ActiveCfg = Release|Any CPU
		{A3570184-2D58-4547-A165-E29EF0FE2B69}.Release|Any CPU.Build.0 = Release|Any CPU
	EndGlobalSection
	GlobalSection(SolutionProperties) = preSolution
		HideSolutionNode = FALSE
	EndGlobalSection
	GlobalSection(ExtensibilityGlobals) = postSolution
		SolutionGuid = {FF07665B-2F36-446E-9750-A695EA0B10C9}
	EndGlobalSection
EndGlobal
